
Microsoft Visual Studio Solution File, Format Version 12.00
# Visual Studio Version 17
VisualStudioVersion = 17.0.31903.59
MinimumVisualStudioVersion = 10.0.40219.1
Project("{FAE04EC0-301F-11D3-BF4B-00C04F79EFBC}") = "twf_ai_framework", "source\core\twf_ai_framework.csproj", "{711E2E06-D04E-4591-9F96-A20B1EBC9234}"
EndProject
Project("{FAE04EC0-301F-11D3-BF4B-00C04F79EFBC}") = "twf_ai_framework.tests", "tests\TwfAiFramework.Tests\twf_ai_framework.tests.csproj", "{605A879E-3034-EBED-E5B5-BD8683429FF5}"
EndProject
Project("{FAE04EC0-301F-11D3-BF4B-00C04F79EFBC}") = "twf_ai_framework.web", "source\web\twf_ai_framework.web.csproj", "{E37CB07D-6055-272E-A9ED-B44D62CD5355}"
EndProject
Project("{2150E333-8FDC-42A3-9474-1A3956D46DE8}") = "source", "source", "{02EA681E-C7D8-13C7-8484-4AC65E1B71E8}"
EndProject
Project("{2150E333-8FDC-42A3-9474-1A3956D46DE8}") = "tests", "tests", "{F3232DDB-AE3F-4C8E-972A-9810DEB2EC2B}"
EndProject
Project("{FAE04EC0-301F-11D3-BF4B-00C04F79EFBC}") = "twf_ai_framework.console", "source\console\twf_ai_framework.console.csproj", "{690AD182-34FD-DE8A-AA50-9B966196F7EE}"
EndProject
Project("{2150E333-8FDC-42A3-9474-1A3956D46DE8}") = "examples", "examples", "{28791AF6-2F1C-4DC5-A65A-D87845B649EF}"
	ProjectSection(SolutionItems) = preProject
		examples\100_GenAI_Examples.md = examples\100_GenAI_Examples.md
	EndProjectSection
EndProject
Project("{2150E333-8FDC-42A3-9474-1A3956D46DE8}") = "01_language-and-text", "01_language-and-text", "{39A6CB89-17B1-4105-8761-F21B9CCDAB40}"
EndProject
Project("{2150E333-8FDC-42A3-9474-1A3956D46DE8}") = "02_document-intelligence", "02_document-intelligence", "{52903477-F9AE-4515-BD6D-9C8917473F2E}"
EndProject
Project("{2150E333-8FDC-42A3-9474-1A3956D46DE8}") = "03_code-and-developer-tools", "03_code-and-developer-tools", "{A46750BF-B2A2-4057-BFF3-3638A1148030}"
EndProject
Project("{2150E333-8FDC-42A3-9474-1A3956D46DE8}") = "04_multimodal-and-vision", "04_multimodal-and-vision", "{F806F761-E8C3-4208-8162-4C22389BBC99}"
EndProject
Project("{2150E333-8FDC-42A3-9474-1A3956D46DE8}") = "05_audio-voice-and-speech", "05_audio-voice-and-speech", "{AE48E1AB-0A52-4667-BF3E-3C9D6982F4B7}"
EndProject
Project("{2150E333-8FDC-42A3-9474-1A3956D46DE8}") = "06_agents-and-autonomous-systems", "06_agents-and-autonomous-systems", "{33F804E1-F3B6-4909-B5AE-BB1720801239}"
EndProject
Project("{2150E333-8FDC-42A3-9474-1A3956D46DE8}") = "07_data-analytics-and-search", "07_data-analytics-and-search", "{0BF54513-B09B-4405-81FE-762F71C785C3}"
EndProject
Project("{2150E333-8FDC-42A3-9474-1A3956D46DE8}") = "08_domain-specific-applications", "08_domain-specific-applications", "{D384B90A-8DFC-479A-BE8B-08D316D9A799}"
EndProject
Project("{FAE04EC0-301F-11D3-BF4B-00C04F79EFBC}") = "001_CustomerSupportChatbot", "examples\01_language-and-text\001_CustomerSupportChatbot\001_CustomerSupportChatbot.csproj", "{95C5C857-5BC4-4B25-9EBE-8124E13A50BC}"
EndProject
Global
	GlobalSection(SolutionConfigurationPlatforms) = preSolution
		Debug|Any CPU = Debug|Any CPU
		Debug|x64 = Debug|x64
		Debug|x86 = Debug|x86
		Release|Any CPU = Release|Any CPU
		Release|x64 = Release|x64
		Release|x86 = Release|x86
	EndGlobalSection
	GlobalSection(ProjectConfigurationPlatforms) = postSolution
		{711E2E06-D04E-4591-9F96-A20B1EBC9234}.Debug|Any CPU.ActiveCfg = Debug|Any CPU
		{711E2E06-D04E-4591-9F96-A20B1EBC9234}.Debug|Any CPU.Build.0 = Debug|Any CPU
		{711E2E06-D04E-4591-9F96-A20B1EBC9234}.Debug|x64.ActiveCfg = Debug|Any CPU
		{711E2E06-D04E-4591-9F96-A20B1EBC9234}.Debug|x64.Build.0 = Debug|Any CPU
		{711E2E06-D04E-4591-9F96-A20B1EBC9234}.Debug|x86.ActiveCfg = Debug|Any CPU
		{711E2E06-D04E-4591-9F96-A20B1EBC9234}.Debug|x86.Build.0 = Debug|Any CPU
		{711E2E06-D04E-4591-9F96-A20B1EBC9234}.Release|Any CPU.ActiveCfg = Release|Any CPU
		{711E2E06-D04E-4591-9F96-A20B1EBC9234}.Release|Any CPU.Build.0 = Release|Any CPU
		{711E2E06-D04E-4591-9F96-A20B1EBC9234}.Release|x64.ActiveCfg = Release|Any CPU
		{711E2E06-D04E-4591-9F96-A20B1EBC9234}.Release|x64.Build.0 = Release|Any CPU
		{711E2E06-D04E-4591-9F96-A20B1EBC9234}.Release|x86.ActiveCfg = Release|Any CPU
		{711E2E06-D04E-4591-9F96-A20B1EBC9234}.Release|x86.Build.0 = Release|Any CPU
		{605A879E-3034-EBED-E5B5-BD8683429FF5}.Debug|Any CPU.ActiveCfg = Debug|Any CPU
		{605A879E-3034-EBED-E5B5-BD8683429FF5}.Debug|Any CPU.Build.0 = Debug|Any CPU
		{605A879E-3034-EBED-E5B5-BD8683429FF5}.Debug|x64.ActiveCfg = Debug|Any CPU
		{605A879E-3034-EBED-E5B5-BD8683429FF5}.Debug|x64.Build.0 = Debug|Any CPU
		{605A879E-3034-EBED-E5B5-BD8683429FF5}.Debug|x86.ActiveCfg = Debug|Any CPU
		{605A879E-3034-EBED-E5B5-BD8683429FF5}.Debug|x86.Build.0 = Debug|Any CPU
		{605A879E-3034-EBED-E5B5-BD8683429FF5}.Release|Any CPU.ActiveCfg = Release|Any CPU
		{605A879E-3034-EBED-E5B5-BD8683429FF5}.Release|Any CPU.Build.0 = Release|Any CPU
		{605A879E-3034-EBED-E5B5-BD8683429FF5}.Release|x64.ActiveCfg = Release|Any CPU
		{605A879E-3034-EBED-E5B5-BD8683429FF5}.Release|x64.Build.0 = Release|Any CPU
		{605A879E-3034-EBED-E5B5-BD8683429FF5}.Release|x86.ActiveCfg = Release|Any CPU
		{605A879E-3034-EBED-E5B5-BD8683429FF5}.Release|x86.Build.0 = Release|Any CPU
		{E37CB07D-6055-272E-A9ED-B44D62CD5355}.Debug|Any CPU.ActiveCfg = Debug|Any CPU
		{E37CB07D-6055-272E-A9ED-B44D62CD5355}.Debug|Any CPU.Build.0 = Debug|Any CPU
		{E37CB07D-6055-272E-A9ED-B44D62CD5355}.Debug|x64.ActiveCfg = Debug|Any CPU
		{E37CB07D-6055-272E-A9ED-B44D62CD5355}.Debug|x64.Build.0 = Debug|Any CPU
		{E37CB07D-6055-272E-A9ED-B44D62CD5355}.Debug|x86.ActiveCfg = Debug|Any CPU
		{E37CB07D-6055-272E-A9ED-B44D62CD5355}.Debug|x86.Build.0 = Debug|Any CPU
		{E37CB07D-6055-272E-A9ED-B44D62CD5355}.Release|Any CPU.ActiveCfg = Release|Any CPU
		{E37CB07D-6055-272E-A9ED-B44D62CD5355}.Release|Any CPU.Build.0 = Release|Any CPU
		{E37CB07D-6055-272E-A9ED-B44D62CD5355}.Release|x64.ActiveCfg = Release|Any CPU
		{E37CB07D-6055-272E-A9ED-B44D62CD5355}.Release|x64.Build.0 = Release|Any CPU
		{E37CB07D-6055-272E-A9ED-B44D62CD5355}.Release|x86.ActiveCfg = Release|Any CPU
		{E37CB07D-6055-272E-A9ED-B44D62CD5355}.Release|x86.Build.0 = Release|Any CPU
		{690AD182-34FD-DE8A-AA50-9B966196F7EE}.Debug|Any CPU.ActiveCfg = Debug|Any CPU
		{690AD182-34FD-DE8A-AA50-9B966196F7EE}.Debug|Any CPU.Build.0 = Debug|Any CPU
		{690AD182-34FD-DE8A-AA50-9B966196F7EE}.Debug|x64.ActiveCfg = Debug|Any CPU
		{690AD182-34FD-DE8A-AA50-9B966196F7EE}.Debug|x64.Build.0 = Debug|Any CPU
		{690AD182-34FD-DE8A-AA50-9B966196F7EE}.Debug|x86.ActiveCfg = Debug|Any CPU
		{690AD182-34FD-DE8A-AA50-9B966196F7EE}.Debug|x86.Build.0 = Debug|Any CPU
		{690AD182-34FD-DE8A-AA50-9B966196F7EE}.Release|Any CPU.ActiveCfg = Release|Any CPU
		{690AD182-34FD-DE8A-AA50-9B966196F7EE}.Release|Any CPU.Build.0 = Release|Any CPU
		{690AD182-34FD-DE8A-AA50-9B966196F7EE}.Release|x64.ActiveCfg = Release|Any CPU
		{690AD182-34FD-DE8A-AA50-9B966196F7EE}.Release|x64.Build.0 = Release|Any CPU
		{690AD182-34FD-DE8A-AA50-9B966196F7EE}.Release|x86.ActiveCfg = Release|Any CPU
		{690AD182-34FD-DE8A-AA50-9B966196F7EE}.Release|x86.Build.0 = Release|Any CPU
		{95C5C857-5BC4-4B25-9EBE-8124E13A50BC}.Debug|Any CPU.ActiveCfg = Debug|Any CPU
		{95C5C857-5BC4-4B25-9EBE-8124E13A50BC}.Debug|Any CPU.Build.0 = Debug|Any CPU
		{95C5C857-5BC4-4B25-9EBE-8124E13A50BC}.Debug|x64.ActiveCfg = Debug|Any CPU
		{95C5C857-5BC4-4B25-9EBE-8124E13A50BC}.Debug|x64.Build.0 = Debug|Any CPU
		{95C5C857-5BC4-4B25-9EBE-8124E13A50BC}.Debug|x86.ActiveCfg = Debug|Any CPU
		{95C5C857-5BC4-4B25-9EBE-8124E13A50BC}.Debug|x86.Build.0 = Debug|Any CPU
		{95C5C857-5BC4-4B25-9EBE-8124E13A50BC}.Release|Any CPU.ActiveCfg = Release|Any CPU
		{95C5C857-5BC4-4B25-9EBE-8124E13A50BC}.Release|Any CPU.Build.0 = Release|Any CPU
		{95C5C857-5BC4-4B25-9EBE-8124E13A50BC}.Release|x64.ActiveCfg = Release|Any CPU
		{95C5C857-5BC4-4B25-9EBE-8124E13A50BC}.Release|x64.Build.0 = Release|Any CPU
		{95C5C857-5BC4-4B25-9EBE-8124E13A50BC}.Release|x86.ActiveCfg = Release|Any CPU
		{95C5C857-5BC4-4B25-9EBE-8124E13A50BC}.Release|x86.Build.0 = Release|Any CPU
	EndGlobalSection
	GlobalSection(SolutionProperties) = preSolution
		HideSolutionNode = FALSE
	EndGlobalSection
	GlobalSection(NestedProjects) = preSolution
		{711E2E06-D04E-4591-9F96-A20B1EBC9234} = {02EA681E-C7D8-13C7-8484-4AC65E1B71E8}
		{605A879E-3034-EBED-E5B5-BD8683429FF5} = {F3232DDB-AE3F-4C8E-972A-9810DEB2EC2B}
		{E37CB07D-6055-272E-A9ED-B44D62CD5355} = {02EA681E-C7D8-13C7-8484-4AC65E1B71E8}
		{690AD182-34FD-DE8A-AA50-9B966196F7EE} = {02EA681E-C7D8-13C7-8484-4AC65E1B71E8}
		{39A6CB89-17B1-4105-8761-F21B9CCDAB40} = {28791AF6-2F1C-4DC5-A65A-D87845B649EF}
		{52903477-F9AE-4515-BD6D-9C8917473F2E} = {28791AF6-2F1C-4DC5-A65A-D87845B649EF}
		{A46750BF-B2A2-4057-BFF3-3638A1148030} = {28791AF6-2F1C-4DC5-A65A-D87845B649EF}
		{F806F761-E8C3-4208-8162-4C22389BBC99} = {28791AF6-2F1C-4DC5-A65A-D87845B649EF}
		{AE48E1AB-0A52-4667-BF3E-3C9D6982F4B7} = {28791AF6-2F1C-4DC5-A65A-D87845B649EF}
		{33F804E1-F3B6-4909-B5AE-BB1720801239} = {28791AF6-2F1C-4DC5-A65A-D87845B649EF}
		{0BF54513-B09B-4405-81FE-762F71C785C3} = {28791AF6-2F1C-4DC5-A65A-D87845B649EF}
		{D384B90A-8DFC-479A-BE8B-08D316D9A799} = {28791AF6-2F1C-4DC5-A65A-D87845B649EF}
		{95C5C857-5BC4-4B25-9EBE-8124E13A50BC} = {39A6CB89-17B1-4105-8761-F21B9CCDAB40}
	EndGlobalSection
	GlobalSection(ExtensibilityGlobals) = postSolution
		SolutionGuid = {5419587F-F369-4B6A-A85D-FA73681D105E}
	EndGlobalSection
EndGlobal
