
Microsoft Visual Studio Solution File, Format Version 12.00
# Visual Studio Version 17
VisualStudioVersion = 17.0.31903.59
MinimumVisualStudioVersion = 10.0.40219.1
Project("{FAE04EC0-301F-11D3-BF4B-00C04F79EFBC}") = "twf_ai_framework", "source\core\twf_ai_framework.csproj", "{711E2E06-D04E-4591-9F96-A20B1EBC9234}"
EndProject
Project("{FAE04EC0-301F-11D3-BF4B-00C04F79EFBC}") = "TwfAiFramework.Tests", "tests\TwfAiFramework.Tests\TwfAiFramework.Tests.csproj", "{605A879E-3034-EBED-E5B5-BD8683429FF5}"
EndProject
Global
	GlobalSection(SolutionConfigurationPlatforms) = preSolution
		Debug|Any CPU = Debug|Any CPU
		Debug|x64 = Debug|x64
		Debug|x86 = Debug|x86
		Release|Any CPU = Release|Any CPU
		Release|x64 = Release|x64
		Release|x86 = Release|x86
	EndGlobalSection
	GlobalSection(ProjectConfigurationPlatforms) = postSolution
		{711E2E06-D04E-4591-9F96-A20B1EBC9234}.Debug|Any CPU.ActiveCfg = Debug|Any CPU
		{711E2E06-D04E-4591-9F96-A20B1EBC9234}.Debug|Any CPU.Build.0 = Debug|Any CPU
		{711E2E06-D04E-4591-9F96-A20B1EBC9234}.Debug|x64.ActiveCfg = Debug|Any CPU
		{711E2E06-D04E-4591-9F96-A20B1EBC9234}.Debug|x64.Build.0 = Debug|Any CPU
		{711E2E06-D04E-4591-9F96-A20B1EBC9234}.Debug|x86.ActiveCfg = Debug|Any CPU
		{711E2E06-D04E-4591-9F96-A20B1EBC9234}.Debug|x86.Build.0 = Debug|Any CPU
		{711E2E06-D04E-4591-9F96-A20B1EBC9234}.Release|Any CPU.ActiveCfg = Release|Any CPU
		{711E2E06-D04E-4591-9F96-A20B1EBC9234}.Release|Any CPU.Build.0 = Release|Any CPU
		{711E2E06-D04E-4591-9F96-A20B1EBC9234}.Release|x64.ActiveCfg = Release|Any CPU
		{711E2E06-D04E-4591-9F96-A20B1EBC9234}.Release|x64.Build.0 = Release|Any CPU
		{711E2E06-D04E-4591-9F96-A20B1EBC9234}.Release|x86.ActiveCfg = Release|Any CPU
		{711E2E06-D04E-4591-9F96-A20B1EBC9234}.Release|x86.Build.0 = Release|Any CPU
		{605A879E-3034-EBED-E5B5-BD8683429FF5}.Debug|Any CPU.ActiveCfg = Debug|Any CPU
		{605A879E-3034-EBED-E5B5-BD8683429FF5}.Debug|Any CPU.Build.0 = Debug|Any CPU
		{605A879E-3034-EBED-E5B5-BD8683429FF5}.Debug|x64.ActiveCfg = Debug|Any CPU
		{605A879E-3034-EBED-E5B5-BD8683429FF5}.Debug|x64.Build.0 = Debug|Any CPU
		{605A879E-3034-EBED-E5B5-BD8683429FF5}.Debug|x86.ActiveCfg = Debug|Any CPU
		{605A879E-3034-EBED-E5B5-BD8683429FF5}.Debug|x86.Build.0 = Debug|Any CPU
		{605A879E-3034-EBED-E5B5-BD8683429FF5}.Release|Any CPU.ActiveCfg = Release|Any CPU
		{605A879E-3034-EBED-E5B5-BD8683429FF5}.Release|Any CPU.Build.0 = Release|Any CPU
		{605A879E-3034-EBED-E5B5-BD8683429FF5}.Release|x64.ActiveCfg = Release|Any CPU
		{605A879E-3034-EBED-E5B5-BD8683429FF5}.Release|x64.Build.0 = Release|Any CPU
		{605A879E-3034-EBED-E5B5-BD8683429FF5}.Release|x86.ActiveCfg = Release|Any CPU
		{605A879E-3034-EBED-E5B5-BD8683429FF5}.Release|x86.Build.0 = Release|Any CPU
	EndGlobalSection
	GlobalSection(SolutionProperties) = preSolution
		HideSolutionNode = FALSE
	EndGlobalSection
	GlobalSection(ExtensibilityGlobals) = postSolution
		SolutionGuid = {5419587F-F369-4B6A-A85D-FA73681D105E}
	EndGlobalSection
EndGlobal
